PODS:
  - OrzUIKit/Core (0.0.1):
    - SnapKit (~> 5.6.0)
  - OrzUIKit/Debug (0.0.1):
    - OrzUIKit/Core
  - SnapKit (5.6.0)

DEPENDENCIES:
  - OrzUIKit/Debug (from `../../OrzUIKit.podspec`)

SPEC REPOS:
  trunk:
    - SnapKit

EXTERNAL SOURCES:
  OrzUIKit:
    :path: "../../OrzUIKit.podspec"

SPEC CHECKSUMS:
  OrzUIKit: c05f42ad3a5ade51df33e9be21a994ebcca2f58d
  SnapKit: e01d52ebb8ddbc333eefe2132acf85c8227d9c25

PODFILE CHECKSUM: 3a442e0a51e80d9b50c3a3349100a4d97b73bdb2

COCOAPODS: 1.14.3
