// !$*UTF8*$!
{
	archiveVersion = 1;
	classes = {
	};
	objectVersion = 56;
	objects = {

/* Begin PBXBuildFile section */
		924BF830971E8D6909B75BD7 /* libPods-OCTestApp.a in Frameworks */ = {isa = PBXBuildFile; fileRef = CB935935305120D74D014E6D /* libPods-OCTestApp.a */; };
		F344C3032B3FB6C1003F8A57 /* AppDelegate.m in Sources */ = {isa = PBXBuildFile; fileRef = F344C3022B3FB6C1003F8A57 /* AppDelegate.m */; };
		F344C3062B3FB6C1003F8A57 /* SceneDelegate.m in Sources */ = {isa = PBXBuildFile; fileRef = F344C3052B3FB6C1003F8A57 /* SceneDelegate.m */; };
		F344C3092B3FB6C1003F8A57 /* ViewController.m in Sources */ = {isa = PBXBuildFile; fileRef = F344C3082B3FB6C1003F8A57 /* ViewController.m */; };
		F344C30C2B3FB6C1003F8A57 /* Main.storyboard in Resources */ = {isa = PBXBuildFile; fileRef = F344C30A2B3FB6C1003F8A57 /* Main.storyboard */; };
		F344C30E2B3FB6C4003F8A57 /* Assets.xcassets in Resources */ = {isa = PBXBuildFile; fileRef = F344C30D2B3FB6C4003F8A57 /* Assets.xcassets */; };
		F344C3112B3FB6C4003F8A57 /* LaunchScreen.storyboard in Resources */ = {isa = PBXBuildFile; fileRef = F344C30F2B3FB6C4003F8A57 /* LaunchScreen.storyboard */; };
		F344C3142B3FB6C4003F8A57 /* main.m in Sources */ = {isa = PBXBuildFile; fileRef = F344C3132B3FB6C4003F8A57 /* main.m */; };
/* End PBXBuildFile section */

/* Begin PBXFileReference section */
		79D4BD90DC3BA6C44499D91E /* Pods-OCTestApp.debug.xcconfig */ = {isa = PBXFileReference; includeInIndex = 1; lastKnownFileType = text.xcconfig; name = "Pods-OCTestApp.debug.xcconfig"; path = "Target Support Files/Pods-OCTestApp/Pods-OCTestApp.debug.xcconfig"; sourceTree = "<group>"; };
		8A6191FF9F5F6D8CF414B39A /* Pods-OCTestApp.release.xcconfig */ = {isa = PBXFileReference; includeInIndex = 1; lastKnownFileType = text.xcconfig; name = "Pods-OCTestApp.release.xcconfig"; path = "Target Support Files/Pods-OCTestApp/Pods-OCTestApp.release.xcconfig"; sourceTree = "<group>"; };
		CB935935305120D74D014E6D /* libPods-OCTestApp.a */ = {isa = PBXFileReference; explicitFileType = archive.ar; includeInIndex = 0; path = "libPods-OCTestApp.a"; sourceTree = BUILT_PRODUCTS_DIR; };
		F344C2FE2B3FB6C1003F8A57 /* OCTestApp.app */ = {isa = PBXFileReference; explicitFileType = wrapper.application; includeInIndex = 0; path = OCTestApp.app; sourceTree = BUILT_PRODUCTS_DIR; };
		F344C3012B3FB6C1003F8A57 /* AppDelegate.h */ = {isa = PBXFileReference; lastKnownFileType = sourcecode.c.h; path = AppDelegate.h; sourceTree = "<group>"; };
		F344C3022B3FB6C1003F8A57 /* AppDelegate.m */ = {isa = PBXFileReference; lastKnownFileType = sourcecode.c.objc; path = AppDelegate.m; sourceTree = "<group>"; };
		F344C3042B3FB6C1003F8A57 /* SceneDelegate.h */ = {isa = PBXFileReference; lastKnownFileType = sourcecode.c.h; path = SceneDelegate.h; sourceTree = "<group>"; };
		F344C3052B3FB6C1003F8A57 /* SceneDelegate.m */ = {isa = PBXFileReference; lastKnownFileType = sourcecode.c.objc; path = SceneDelegate.m; sourceTree = "<group>"; };
		F344C3072B3FB6C1003F8A57 /* ViewController.h */ = {isa = PBXFileReference; lastKnownFileType = sourcecode.c.h; path = ViewController.h; sourceTree = "<group>"; };
		F344C3082B3FB6C1003F8A57 /* ViewController.m */ = {isa = PBXFileReference; lastKnownFileType = sourcecode.c.objc; path = ViewController.m; sourceTree = "<group>"; };
		F344C30B2B3FB6C1003F8A57 /* Base */ = {isa = PBXFileReference; lastKnownFileType = file.storyboard; name = Base; path = Base.lproj/Main.storyboard; sourceTree = "<group>"; };
		F344C30D2B3FB6C4003F8A57 /* Assets.xcassets */ = {isa = PBXFileReference; lastKnownFileType = folder.assetcatalog; path = Assets.xcassets; sourceTree = "<group>"; };
		F344C3102B3FB6C4003F8A57 /* Base */ = {isa = PBXFileReference; lastKnownFileType = file.storyboard; name = Base; path = Base.lproj/LaunchScreen.storyboard; sourceTree = "<group>"; };
		F344C3122B3FB6C4003F8A57 /* Info.plist */ = {isa = PBXFileReference; lastKnownFileType = text.plist.xml; path = Info.plist; sourceTree = "<group>"; };
		F344C3132B3FB6C4003F8A57 /* main.m */ = {isa = PBXFileReference; lastKnownFileType = sourcecode.c.objc; path = main.m; sourceTree = "<group>"; };
/* End PBXFileReference section */

/* Begin PBXFrameworksBuildPhase section */
		F344C2FB2B3FB6C1003F8A57 /* Frameworks */ = {
			isa = PBXFrameworksBuildPhase;
			buildActionMask = 2147483647;
			files = (
				924BF830971E8D6909B75BD7 /* libPods-OCTestApp.a in Frameworks */,
			);
			runOnlyForDeploymentPostprocessing = 0;
		};
/* End PBXFrameworksBuildPhase section */

/* Begin PBXGroup section */
		3EF6A535315A53BAE96B6DC4 /* Frameworks */ = {
			isa = PBXGroup;
			children = (
				CB935935305120D74D014E6D /* libPods-OCTestApp.a */,
			);
			name = Frameworks;
			sourceTree = "<group>";
		};
		F344C2F52B3FB6C1003F8A57 = {
			isa = PBXGroup;
			children = (
				F344C3002B3FB6C1003F8A57 /* OCTestApp */,
				F344C2FF2B3FB6C1003F8A57 /* Products */,
				FB4E6E371E202DFF54A28B61 /* Pods */,
				3EF6A535315A53BAE96B6DC4 /* Frameworks */,
			);
			sourceTree = "<group>";
		};
		F344C2FF2B3FB6C1003F8A57 /* Products */ = {
			isa = PBXGroup;
			children = (
				F344C2FE2B3FB6C1003F8A57 /* OCTestApp.app */,
			);
			name = Products;
			sourceTree = "<group>";
		};
		F344C3002B3FB6C1003F8A57 /* OCTestApp */ = {
			isa = PBXGroup;
			children = (
				F344C3012B3FB6C1003F8A57 /* AppDelegate.h */,
				F344C3022B3FB6C1003F8A57 /* AppDelegate.m */,
				F344C3042B3FB6C1003F8A57 /* SceneDelegate.h */,
				F344C3052B3FB6C1003F8A57 /* SceneDelegate.m */,
				F344C3072B3FB6C1003F8A57 /* ViewController.h */,
				F344C3082B3FB6C1003F8A57 /* ViewController.m */,
				F344C30A2B3FB6C1003F8A57 /* Main.storyboard */,
				F344C30D2B3FB6C4003F8A57 /* Assets.xcassets */,
				F344C30F2B3FB6C4003F8A57 /* LaunchScreen.storyboard */,
				F344C3122B3FB6C4003F8A57 /* Info.plist */,
				F344C3132B3FB6C4003F8A57 /* main.m */,
			);
			path = OCTestApp;
			sourceTree = "<group>";
		};
		FB4E6E371E202DFF54A28B61 /* Pods */ = {
			isa = PBXGroup;
			children = (
				79D4BD90DC3BA6C44499D91E /* Pods-OCTestApp.debug.xcconfig */,
				8A6191FF9F5F6D8CF414B39A /* Pods-OCTestApp.release.xcconfig */,
			);
			path = Pods;
			sourceTree = "<group>";
		};
/* End PBXGroup section */

/* Begin PBXNativeTarget section */
		F344C2FD2B3FB6C1003F8A57 /* OCTestApp */ = {
			isa = PBXNativeTarget;
			buildConfigurationList = F344C3172B3FB6C4003F8A57 /* Build configuration list for PBXNativeTarget "OCTestApp" */;
			buildPhases = (
				9BC68B445E9A9C73E1569416 /* [CP] Check Pods Manifest.lock */,
				F344C2FA2B3FB6C1003F8A57 /* Sources */,
				F344C2FB2B3FB6C1003F8A57 /* Frameworks */,
				F344C2FC2B3FB6C1003F8A57 /* Resources */,
				4217C1F9133A687E7DFD4E76 /* [CP] Copy Pods Resources */,
			);
			buildRules = (
			);
			dependencies = (
			);
			name = OCTestApp;
			productName = OCTestApp;
			productReference = F344C2FE2B3FB6C1003F8A57 /* OCTestApp.app */;
			productType = "com.apple.product-type.application";
		};
/* End PBXNativeTarget section */

/* Begin PBXProject section */
		F344C2F62B3FB6C1003F8A57 /* Project object */ = {
			isa = PBXProject;
			attributes = {
				BuildIndependentTargetsInParallel = 1;
				LastUpgradeCheck = 1510;
				TargetAttributes = {
					F344C2FD2B3FB6C1003F8A57 = {
						CreatedOnToolsVersion = 15.1;
					};
				};
			};
			buildConfigurationList = F344C2F92B3FB6C1003F8A57 /* Build configuration list for PBXProject "OCTestApp" */;
			compatibilityVersion = "Xcode 14.0";
			developmentRegion = en;
			hasScannedForEncodings = 0;
			knownRegions = (
				en,
				Base,
			);
			mainGroup = F344C2F52B3FB6C1003F8A57;
			productRefGroup = F344C2FF2B3FB6C1003F8A57 /* Products */;
			projectDirPath = "";
			projectRoot = "";
			targets = (
				F344C2FD2B3FB6C1003F8A57 /* OCTestApp */,
			);
		};
/* End PBXProject section */

/* Begin PBXResourcesBuildPhase section */
		F344C2FC2B3FB6C1003F8A57 /* Resources */ = {
			isa = PBXResourcesBuildPhase;
			buildActionMask = 2147483647;
			files = (
				F344C3112B3FB6C4003F8A57 /* LaunchScreen.storyboard in Resources */,
				F344C30E2B3FB6C4003F8A57 /* Assets.xcassets in Resources */,
				F344C30C2B3FB6C1003F8A57 /* Main.storyboard in Resources */,
			);
			runOnlyForDeploymentPostprocessing = 0;
		};
/* End PBXResourcesBuildPhase section */

/* Begin PBXShellScriptBuildPhase section */
		4217C1F9133A687E7DFD4E76 /* [CP] Copy Pods Resources */ = {
			isa = PBXShellScriptBuildPhase;
			buildActionMask = 2147483647;
			files = (
			);
			inputFileListPaths = (
				"${PODS_ROOT}/Target Support Files/Pods-OCTestApp/Pods-OCTestApp-resources-${CONFIGURATION}-input-files.xcfilelist",
			);
			name = "[CP] Copy Pods Resources";
			outputFileListPaths = (
				"${PODS_ROOT}/Target Support Files/Pods-OCTestApp/Pods-OCTestApp-resources-${CONFIGURATION}-output-files.xcfilelist",
			);
			runOnlyForDeploymentPostprocessing = 0;
			shellPath = /bin/sh;
			shellScript = "\"${PODS_ROOT}/Target Support Files/Pods-OCTestApp/Pods-OCTestApp-resources.sh\"\n";
			showEnvVarsInLog = 0;
		};
		9BC68B445E9A9C73E1569416 /* [CP] Check Pods Manifest.lock */ = {
			isa = PBXShellScriptBuildPhase;
			buildActionMask = 2147483647;
			files = (
			);
			inputFileListPaths = (
			);
			inputPaths = (
				"${PODS_PODFILE_DIR_PATH}/Podfile.lock",
				"${PODS_ROOT}/Manifest.lock",
			);
			name = "[CP] Check Pods Manifest.lock";
			outputFileListPaths = (
			);
			outputPaths = (
				"$(DERIVED_FILE_DIR)/Pods-OCTestApp-checkManifestLockResult.txt",
			);
			runOnlyForDeploymentPostprocessing = 0;
			shellPath = /bin/sh;
			shellScript = "diff \"${PODS_PODFILE_DIR_PATH}/Podfile.lock\" \"${PODS_ROOT}/Manifest.lock\" > /dev/null\nif [ $? != 0 ] ; then\n    # print error to STDERR\n    echo \"error: The sandbox is not in sync with the Podfile.lock. Run 'pod install' or update your CocoaPods installation.\" >&2\n    exit 1\nfi\n# This output is used by Xcode 'outputs' to avoid re-running this script phase.\necho \"SUCCESS\" > \"${SCRIPT_OUTPUT_FILE_0}\"\n";
			showEnvVarsInLog = 0;
		};
/* End PBXShellScriptBuildPhase section */

/* Begin PBXSourcesBuildPhase section */
		F344C2FA2B3FB6C1003F8A57 /* Sources */ = {
			isa = PBXSourcesBuildPhase;
			buildActionMask = 2147483647;
			files = (
				F344C3092B3FB6C1003F8A57 /* ViewController.m in Sources */,
				F344C3032B3FB6C1003F8A57 /* AppDelegate.m in Sources */,
				F344C3142B3FB6C4003F8A57 /* main.m in Sources */,
				F344C3062B3FB6C1003F8A57 /* SceneDelegate.m in Sources */,
			);
			runOnlyForDeploymentPostprocessing = 0;
		};
/* End PBXSourcesBuildPhase section */

/* Begin PBXVariantGroup section */
		F344C30A2B3FB6C1003F8A57 /* Main.storyboard */ = {
			isa = PBXVariantGroup;
			children = (
				F344C30B2B3FB6C1003F8A57 /* Base */,
			);
			name = Main.storyboard;
			sourceTree = "<group>";
		};
		F344C30F2B3FB6C4003F8A57 /* LaunchScreen.storyboard */ = {
			isa = PBXVariantGroup;
			children = (
				F344C3102B3FB6C4003F8A57 /* Base */,
			);
			name = LaunchScreen.storyboard;
			sourceTree = "<group>";
		};
/* End PBXVariantGroup section */

/* Begin XCBuildConfiguration section */
		F344C3152B3FB6C4003F8A57 /* Debug */ = {
			isa = XCBuildConfiguration;
			buildSettings = {
				ALWAYS_SEARCH_USER_PATHS = NO;
				ASSETCATALOG_COMPILER_GENERATE_SWIFT_ASSET_SYMBOL_EXTENSIONS = YES;
				CLANG_ANALYZER_NONNULL = YES;
				CLANG_ANALYZER_NUMBER_OBJECT_CONVERSION = YES_AGGRESSIVE;
				CLANG_CXX_LANGUAGE_STANDARD = "gnu++20";
				CLANG_ENABLE_MODULES = YES;
				CLANG_ENABLE_OBJC_ARC = YES;
				CLANG_ENABLE_OBJC_WEAK = YES;
				CLANG_WARN_BLOCK_CAPTURE_AUTORELEASING = YES;
				CLANG_WARN_BOOL_CONVERSION = YES;
				CLANG_WARN_COMMA = YES;
				CLANG_WARN_CONSTANT_CONVERSION = YES;
				CLANG_WARN_DEPRECATED_OBJC_IMPLEMENTATIONS = YES;
				CLANG_WARN_DIRECT_OBJC_ISA_USAGE = YES_ERROR;
				CLANG_WARN_DOCUMENTATION_COMMENTS = YES;
				CLANG_WARN_EMPTY_BODY = YES;
				CLANG_WARN_ENUM_CONVERSION = YES;
				CLANG_WARN_INFINITE_RECURSION = YES;
				CLANG_WARN_INT_CONVERSION = YES;
				CLANG_WARN_NON_LITERAL_NULL_CONVERSION = YES;
				CLANG_WARN_OBJC_IMPLICIT_RETAIN_SELF = YES;
				CLANG_WARN_OBJC_LITERAL_CONVERSION = YES;
				CLANG_WARN_OBJC_ROOT_CLASS = YES_ERROR;
				CLANG_WARN_QUOTED_INCLUDE_IN_FRAMEWORK_HEADER = YES;
				CLANG_WARN_RANGE_LOOP_ANALYSIS = YES;
				CLANG_WARN_STRICT_PROTOTYPES = YES;
				CLANG_WARN_SUSPICIOUS_MOVE = YES;
				CLANG_WARN_UNGUARDED_AVAILABILITY = YES_AGGRESSIVE;
				CLANG_WARN_UNREACHABLE_CODE = YES;
				CLANG_WARN__DUPLICATE_METHOD_MATCH = YES;
				COPY_PHASE_STRIP = NO;
				DEBUG_INFORMATION_FORMAT = dwarf;
				DEFINES_MODULE = YES;
				ENABLE_STRICT_OBJC_MSGSEND = YES;
				ENABLE_TESTABILITY = YES;
				ENABLE_USER_SCRIPT_SANDBOXING = NO;
				GCC_C_LANGUAGE_STANDARD = gnu17;
				GCC_DYNAMIC_NO_PIC = NO;
				GCC_NO_COMMON_BLOCKS = YES;
				GCC_OPTIMIZATION_LEVEL = 0;
				GCC_PREPROCESSOR_DEFINITIONS = (
					"DEBUG=1",
					"$(inherited)",
				);
				GCC_WARN_64_TO_32_BIT_CONVERSION = YES;
				GCC_WARN_ABOUT_RETURN_TYPE = YES_ERROR;
				GCC_WARN_UNDECLARED_SELECTOR = YES;
				GCC_WARN_UNINITIALIZED_AUTOS = YES_AGGRESSIVE;
				GCC_WARN_UNUSED_FUNCTION = YES;
				GCC_WARN_UNUSED_VARIABLE = YES;
				IPHONEOS_DEPLOYMENT_TARGET = 13.0;
				LOCALIZATION_PREFERS_STRING_CATALOGS = YES;
				MTL_ENABLE_DEBUG_INFO = INCLUDE_SOURCE;
				MTL_FAST_MATH = YES;
				ONLY_ACTIVE_ARCH = YES;
				SDKROOT = iphoneos;
			};
			name = Debug;
		};
		F344C3162B3FB6C4003F8A57 /* Release */ = {
			isa = XCBuildConfiguration;
			buildSettings = {
				ALWAYS_SEARCH_USER_PATHS = NO;
				ASSETCATALOG_COMPILER_GENERATE_SWIFT_ASSET_SYMBOL_EXTENSIONS = YES;
				CLANG_ANALYZER_NONNULL = YES;
				CLANG_ANALYZER_NUMBER_OBJECT_CONVERSION = YES_AGGRESSIVE;
				CLANG_CXX_LANGUAGE_STANDARD = "gnu++20";
				CLANG_ENABLE_MODULES = YES;
				CLANG_ENABLE_OBJC_ARC = YES;
				CLANG_ENABLE_OBJC_WEAK = YES;
				CLANG_WARN_BLOCK_CAPTURE_AUTORELEASING = YES;
				CLANG_WARN_BOOL_CONVERSION = YES;
				CLANG_WARN_COMMA = YES;
				CLANG_WARN_CONSTANT_CONVERSION = YES;
				CLANG_WARN_DEPRECATED_OBJC_IMPLEMENTATIONS = YES;
				CLANG_WARN_DIRECT_OBJC_ISA_USAGE = YES_ERROR;
				CLANG_WARN_DOCUMENTATION_COMMENTS = YES;
				CLANG_WARN_EMPTY_BODY = YES;
				CLANG_WARN_ENUM_CONVERSION = YES;
				CLANG_WARN_INFINITE_RECURSION = YES;
				CLANG_WARN_INT_CONVERSION = YES;
				CLANG_WARN_NON_LITERAL_NULL_CONVERSION = YES;
				CLANG_WARN_OBJC_IMPLICIT_RETAIN_SELF = YES;
				CLANG_WARN_OBJC_LITERAL_CONVERSION = YES;
				CLANG_WARN_OBJC_ROOT_CLASS = YES_ERROR;
				CLANG_WARN_QUOTED_INCLUDE_IN_FRAMEWORK_HEADER = YES;
				CLANG_WARN_RANGE_LOOP_ANALYSIS = YES;
				CLANG_WARN_STRICT_PROTOTYPES = YES;
				CLANG_WARN_SUSPICIOUS_MOVE = YES;
				CLANG_WARN_UNGUARDED_AVAILABILITY = YES_AGGRESSIVE;
				CLANG_WARN_UNREACHABLE_CODE = YES;
				CLANG_WARN__DUPLICATE_METHOD_MATCH = YES;
				COPY_PHASE_STRIP = NO;
				DEBUG_INFORMATION_FORMAT = "dwarf-with-dsym";
				DEFINES_MODULE = YES;
				ENABLE_NS_ASSERTIONS = NO;
				ENABLE_STRICT_OBJC_MSGSEND = YES;
				ENABLE_USER_SCRIPT_SANDBOXING = NO;
				GCC_C_LANGUAGE_STANDARD = gnu17;
				GCC_NO_COMMON_BLOCKS = YES;
				GCC_WARN_64_TO_32_BIT_CONVERSION = YES;
				GCC_WARN_ABOUT_RETURN_TYPE = YES_ERROR;
				GCC_WARN_UNDECLARED_SELECTOR = YES;
				GCC_WARN_UNINITIALIZED_AUTOS = YES_AGGRESSIVE;
				GCC_WARN_UNUSED_FUNCTION = YES;
				GCC_WARN_UNUSED_VARIABLE = YES;
				IPHONEOS_DEPLOYMENT_TARGET = 13.0;
				LOCALIZATION_PREFERS_STRING_CATALOGS = YES;
				MTL_ENABLE_DEBUG_INFO = NO;
				MTL_FAST_MATH = YES;
				SDKROOT = iphoneos;
				VALIDATE_PRODUCT = YES;
			};
			name = Release;
		};
		F344C3182B3FB6C4003F8A57 /* Debug */ = {
			isa = XCBuildConfiguration;
			baseConfigurationReference = 79D4BD90DC3BA6C44499D91E /* Pods-OCTestApp.debug.xcconfig */;
			buildSettings = {
				ASSETCATALOG_COMPILER_APPICON_NAME = AppIcon;
				ASSETCATALOG_COMPILER_GLOBAL_ACCENT_COLOR_NAME = AccentColor;
				CODE_SIGN_STYLE = Automatic;
				CURRENT_PROJECT_VERSION = 1;
				DEVELOPMENT_TEAM = 2N62934Y28;
				GENERATE_INFOPLIST_FILE = YES;
				INFOPLIST_FILE = OCTestApp/Info.plist;
				INFOPLIST_KEY_UIApplicationSupportsIndirectInputEvents = YES;
				INFOPLIST_KEY_UILaunchStoryboardName = LaunchScreen;
				INFOPLIST_KEY_UIMainStoryboardFile = Main;
				INFOPLIST_KEY_UISupportedInterfaceOrientations_iPad = "UIInterfaceOrientationPortrait UIInterfaceOrientationPortraitUpsideDown UIInterfaceOrientationLandscapeLeft UIInterfaceOrientationLandscapeRight";
				INFOPLIST_KEY_UISupportedInterfaceOrientations_iPhone = "UIInterfaceOrientationPortrait UIInterfaceOrientationLandscapeLeft UIInterfaceOrientationLandscapeRight";
				LD_RUNPATH_SEARCH_PATHS = (
					"$(inherited)",
					"@executable_path/Frameworks",
				);
				MARKETING_VERSION = 1.0;
				PRODUCT_BUNDLE_IDENTIFIER = com.joker.OCTestApp;
				PRODUCT_NAME = "$(TARGET_NAME)";
				SWIFT_EMIT_LOC_STRINGS = YES;
				TARGETED_DEVICE_FAMILY = "1,2";
			};
			name = Debug;
		};
		F344C3192B3FB6C4003F8A57 /* Release */ = {
			isa = XCBuildConfiguration;
			baseConfigurationReference = 8A6191FF9F5F6D8CF414B39A /* Pods-OCTestApp.release.xcconfig */;
			buildSettings = {
				ASSETCATALOG_COMPILER_APPICON_NAME = AppIcon;
				ASSETCATALOG_COMPILER_GLOBAL_ACCENT_COLOR_NAME = AccentColor;
				CODE_SIGN_STYLE = Automatic;
				CURRENT_PROJECT_VERSION = 1;
				DEVELOPMENT_TEAM = 2N62934Y28;
				GENERATE_INFOPLIST_FILE = YES;
				INFOPLIST_FILE = OCTestApp/Info.plist;
				INFOPLIST_KEY_UIApplicationSupportsIndirectInputEvents = YES;
				INFOPLIST_KEY_UILaunchStoryboardName = LaunchScreen;
				INFOPLIST_KEY_UIMainStoryboardFile = Main;
				INFOPLIST_KEY_UISupportedInterfaceOrientations_iPad = "UIInterfaceOrientationPortrait UIInterfaceOrientationPortraitUpsideDown UIInterfaceOrientationLandscapeLeft UIInterfaceOrientationLandscapeRight";
				INFOPLIST_KEY_UISupportedInterfaceOrientations_iPhone = "UIInterfaceOrientationPortrait UIInterfaceOrientationLandscapeLeft UIInterfaceOrientationLandscapeRight";
				LD_RUNPATH_SEARCH_PATHS = (
					"$(inherited)",
					"@executable_path/Frameworks",
				);
				MARKETING_VERSION = 1.0;
				PRODUCT_BUNDLE_IDENTIFIER = com.joker.OCTestApp;
				PRODUCT_NAME = "$(TARGET_NAME)";
				SWIFT_EMIT_LOC_STRINGS = YES;
				TARGETED_DEVICE_FAMILY = "1,2";
			};
			name = Release;
		};
/* End XCBuildConfiguration section */

/* Begin XCConfigurationList section */
		F344C2F92B3FB6C1003F8A57 /* Build configuration list for PBXProject "OCTestApp" */ = {
			isa = XCConfigurationList;
			buildConfigurations = (
				F344C3152B3FB6C4003F8A57 /* Debug */,
				F344C3162B3FB6C4003F8A57 /* Release */,
			);
			defaultConfigurationIsVisible = 0;
			defaultConfigurationName = Release;
		};
		F344C3172B3FB6C4003F8A57 /* Build configuration list for PBXNativeTarget "OCTestApp" */ = {
			isa = XCConfigurationList;
			buildConfigurations = (
				F344C3182B3FB6C4003F8A57 /* Debug */,
				F344C3192B3FB6C4003F8A57 /* Release */,
			);
			defaultConfigurationIsVisible = 0;
			defaultConfigurationName = Release;
		};
/* End XCConfigurationList section */
	};
	rootObject = F344C2F62B3FB6C1003F8A57 /* Project object */;
}
